
Microsoft Visual Studio Solution File, Format Version 12.00
# Visual Studio 2017
Project("{FAE04EC0-301F-11D3-BF4B-00C04F79EFBC}") = "VR LeapMotion Money", "VR LeapMotion Money.csproj", "{C9521672-7FD8-47C0-69F2-565A1D573344}"
EndProject
Project("{FAE04EC0-301F-11D3-BF4B-00C04F79EFBC}") = "VR LeapMotion Money.Editor", "VR LeapMotion Money.Editor.csproj", "{80393893-5B43-F99F-D862-BCD44161C698}"
EndProject
Global
	GlobalSection(SolutionConfigurationPlatforms) = preSolution
		Debug|Any CPU = Debug|Any CPU
		Release|Any CPU = Release|Any CPU
	EndGlobalSection
	GlobalSection(ProjectConfigurationPlatforms) = postSolution
		{C9521672-7FD8-47C0-69F2-565A1D573344}.Debug|Any CPU.ActiveCfg = Debug|Any CPU
		{C9521672-7FD8-47C0-69F2-565A1D573344}.Debug|Any CPU.Build.0 = Debug|Any CPU
		{C9521672-7FD8-47C0-69F2-565A1D573344}.Release|Any CPU.ActiveCfg = Release|Any CPU
		{C9521672-7FD8-47C0-69F2-565A1D573344}.Release|Any CPU.Build.0 = Release|Any CPU
		{80393893-5B43-F99F-D862-BCD44161C698}.Debug|Any CPU.ActiveCfg = Debug|Any CPU
		{80393893-5B43-F99F-D862-BCD44161C698}.Debug|Any CPU.Build.0 = Debug|Any CPU
		{80393893-5B43-F99F-D862-BCD44161C698}.Release|Any CPU.ActiveCfg = Release|Any CPU
		{80393893-5B43-F99F-D862-BCD44161C698}.Release|Any CPU.Build.0 = Release|Any CPU
	EndGlobalSection
	GlobalSection(SolutionProperties) = preSolution
		HideSolutionNode = FALSE
	EndGlobalSection
EndGlobal
